
Microsoft Visual Studio Solution File, Format Version 12.00
# Visual Studio Version 17
VisualStudioVersion = 17.2.32526.322
MinimumVisualStudioVersion = 10.0.40219.1
Project("{FAE04EC0-301F-11D3-BF4B-00C04F79EFBC}") = "Admission Elgibility Criteria", "Admission Elgibility Criteria\Admission Elgibility Criteria.csproj", "{F83C7A1C-1AAC-49C4-B9B2-28BF22D6129E}"
EndProject
Global
	GlobalSection(SolutionConfigurationPlatforms) = preSolution
		Debug|Any CPU = Debug|Any CPU
		Release|Any CPU = Release|Any CPU
	EndGlobalSection
	GlobalSection(ProjectConfigurationPlatforms) = postSolution
		{F83C7A1C-1AAC-49C4-B9B2-28BF22D6129E}.Debug|Any CPU.ActiveCfg = Debug|Any CPU
		{F83C7A1C-1AAC-49C4-B9B2-28BF22D6129E}.Debug|Any CPU.Build.0 = Debug|Any CPU
		{F83C7A1C-1AAC-49C4-B9B2-28BF22D6129E}.Release|Any CPU.ActiveCfg = Release|Any CPU
		{F83C7A1C-1AAC-49C4-B9B2-28BF22D6129E}.Release|Any CPU.Build.0 = Release|Any CPU
	EndGlobalSection
	GlobalSection(SolutionProperties) = preSolution
		HideSolutionNode = FALSE
	EndGlobalSection
	GlobalSection(ExtensibilityGlobals) = postSolution
		SolutionGuid = {74859877-9680-4612-AEF8-3764DE27D9E8}
	EndGlobalSection
EndGlobal
