
Microsoft Visual Studio Solution File, Format Version 12.00
# Visual Studio Version 17
VisualStudioVersion = 17.2.32526.322
MinimumVisualStudioVersion = 10.0.40219.1
Project("{FAE04EC0-301F-11D3-BF4B-00C04F79EFBC}") = "Temprature of Weather", "Temprature of Weather\Temprature of Weather.csproj", "{A3596C7C-35E8-4D60-AC9F-D1C176101064}"
EndProject
Global
	GlobalSection(SolutionConfigurationPlatforms) = preSolution
		Debug|Any CPU = Debug|Any CPU
		Release|Any CPU = Release|Any CPU
	EndGlobalSection
	GlobalSection(ProjectConfigurationPlatforms) = postSolution
		{A3596C7C-35E8-4D60-AC9F-D1C176101064}.Debug|Any CPU.ActiveCfg = Debug|Any CPU
		{A3596C7C-35E8-4D60-AC9F-D1C176101064}.Debug|Any CPU.Build.0 = Debug|Any CPU
		{A3596C7C-35E8-4D60-AC9F-D1C176101064}.Release|Any CPU.ActiveCfg = Release|Any CPU
		{A3596C7C-35E8-4D60-AC9F-D1C176101064}.Release|Any CPU.Build.0 = Release|Any CPU
	EndGlobalSection
	GlobalSection(SolutionProperties) = preSolution
		HideSolutionNode = FALSE
	EndGlobalSection
	GlobalSection(ExtensibilityGlobals) = postSolution
		SolutionGuid = {F9EB7E10-A63B-4231-BC82-88AF147DEC8B}
	EndGlobalSection
EndGlobal
