
Microsoft Visual Studio Solution File, Format Version 12.00
# Visual Studio Version 17
VisualStudioVersion = 17.2.32526.322
MinimumVisualStudioVersion = 10.0.40219.1
Project("{FAE04EC0-301F-11D3-BF4B-00C04F79EFBC}") = "5.Print Sum of Digit", "5.Print Sum of Digit\5.Print Sum of Digit.csproj", "{021280AA-2BD3-4075-A8E3-DF0DCE9036A7}"
EndProject
Global
	GlobalSection(SolutionConfigurationPlatforms) = preSolution
		Debug|Any CPU = Debug|Any CPU
		Release|Any CPU = Release|Any CPU
	EndGlobalSection
	GlobalSection(ProjectConfigurationPlatforms) = postSolution
		{021280AA-2BD3-4075-A8E3-DF0DCE9036A7}.Debug|Any CPU.ActiveCfg = Debug|Any CPU
		{021280AA-2BD3-4075-A8E3-DF0DCE9036A7}.Debug|Any CPU.Build.0 = Debug|Any CPU
		{021280AA-2BD3-4075-A8E3-DF0DCE9036A7}.Release|Any CPU.ActiveCfg = Release|Any CPU
		{021280AA-2BD3-4075-A8E3-DF0DCE9036A7}.Release|Any CPU.Build.0 = Release|Any CPU
	EndGlobalSection
	GlobalSection(SolutionProperties) = preSolution
		HideSolutionNode = FALSE
	EndGlobalSection
	GlobalSection(ExtensibilityGlobals) = postSolution
		SolutionGuid = {267A3331-C7D3-4850-A4A2-83936C8258F9}
	EndGlobalSection
EndGlobal
